
Microsoft Visual Studio Solution File, Format Version 12.00
# Visual Studio Version 16
VisualStudioVersion = 16.0.31105.61
MinimumVisualStudioVersion = 10.0.40219.1
Project("{8BC9CEB8-8B4A-11D0-8D11-00A0C91BC942}") = "Encryption_Decryption_Algorithm", "Encryption_Decryption_Algorithm\Encryption_Decryption_Algorithm.vcxproj", "{4E52215D-1136-454D-A10E-7856031510D6}"
EndProject
Global
	GlobalSection(SolutionConfigurationPlatforms) = preSolution
		Debug|x64 = Debug|x64
		Debug|x86 = Debug|x86
		Release|x64 = Release|x64
		Release|x86 = Release|x86
	EndGlobalSection
	GlobalSection(ProjectConfigurationPlatforms) = postSolution
		{4E52215D-1136-454D-A10E-7856031510D6}.Debug|x64.ActiveCfg = Debug|x64
		{4E52215D-1136-454D-A10E-7856031510D6}.Debug|x64.Build.0 = Debug|x64
		{4E52215D-1136-454D-A10E-7856031510D6}.Debug|x86.ActiveCfg = Debug|Win32
		{4E52215D-1136-454D-A10E-7856031510D6}.Debug|x86.Build.0 = Debug|Win32
		{4E52215D-1136-454D-A10E-7856031510D6}.Release|x64.ActiveCfg = Release|x64
		{4E52215D-1136-454D-A10E-7856031510D6}.Release|x64.Build.0 = Release|x64
		{4E52215D-1136-454D-A10E-7856031510D6}.Release|x86.ActiveCfg = Release|Win32
		{4E52215D-1136-454D-A10E-7856031510D6}.Release|x86.Build.0 = Release|Win32
	EndGlobalSection
	GlobalSection(SolutionProperties) = preSolution
		HideSolutionNode = FALSE
	EndGlobalSection
	GlobalSection(ExtensibilityGlobals) = postSolution
		SolutionGuid = {35B9524F-7AEA-4B8C-9318-80F02429AE7F}
	EndGlobalSection
EndGlobal
